
Microsoft Visual Studio Solution File, Format Version 12.00
# Visual Studio Version 17
VisualStudioVersion = 17.3.32929.385
MinimumVisualStudioVersion = 10.0.40219.1
Project("{FAE04EC0-301F-11D3-BF4B-00C04F79EFBC}") = "StreamerBotDummy", "StreamerBotDummy\StreamerBotDummy.csproj", "{819D220D-AD00-4162-B036-137262E44047}"
EndProject
Project("{FAE04EC0-301F-11D3-BF4B-00C04F79EFBC}") = "SBEX.FNSC", "SBEX.FNSC\SBEX.FNSC.csproj", "{F5771311-6B91-4AE3-8C81-368552F0FB30}"
EndProject
Project("{FAE04EC0-301F-11D3-BF4B-00C04F79EFBC}") = "SBEX.COM", "SBEX.COM\SBEX.COM.csproj", "{8573DBC9-AF52-4DF0-8C42-2D4EC4B99861}"
EndProject
Project("{FAE04EC0-301F-11D3-BF4B-00C04F79EFBC}") = "SBEX.QUOTES", "SBEX.QUOTES\SBEX.QUOTES.csproj", "{303ED298-378D-4153-8C68-6946B67D4D22}"
EndProject
Project("{FAE04EC0-301F-11D3-BF4B-00C04F79EFBC}") = "SBEX.BASE", "SBEX.BASE\SBEX.BASE.csproj", "{E07B4D9F-FB4B-46BD-829D-325EBB2AF11E}"
EndProject
Global
	GlobalSection(SolutionConfigurationPlatforms) = preSolution
		Debug|Any CPU = Debug|Any CPU
		Release|Any CPU = Release|Any CPU
	EndGlobalSection
	GlobalSection(ProjectConfigurationPlatforms) = postSolution
		{819D220D-AD00-4162-B036-137262E44047}.Debug|Any CPU.ActiveCfg = Debug|Any CPU
		{819D220D-AD00-4162-B036-137262E44047}.Debug|Any CPU.Build.0 = Debug|Any CPU
		{819D220D-AD00-4162-B036-137262E44047}.Release|Any CPU.ActiveCfg = Release|Any CPU
		{819D220D-AD00-4162-B036-137262E44047}.Release|Any CPU.Build.0 = Release|Any CPU
		{F5771311-6B91-4AE3-8C81-368552F0FB30}.Debug|Any CPU.ActiveCfg = Debug|Any CPU
		{F5771311-6B91-4AE3-8C81-368552F0FB30}.Debug|Any CPU.Build.0 = Debug|Any CPU
		{F5771311-6B91-4AE3-8C81-368552F0FB30}.Release|Any CPU.ActiveCfg = Release|Any CPU
		{F5771311-6B91-4AE3-8C81-368552F0FB30}.Release|Any CPU.Build.0 = Release|Any CPU
		{8573DBC9-AF52-4DF0-8C42-2D4EC4B99861}.Debug|Any CPU.ActiveCfg = Debug|Any CPU
		{8573DBC9-AF52-4DF0-8C42-2D4EC4B99861}.Debug|Any CPU.Build.0 = Debug|Any CPU
		{8573DBC9-AF52-4DF0-8C42-2D4EC4B99861}.Release|Any CPU.ActiveCfg = Release|Any CPU
		{8573DBC9-AF52-4DF0-8C42-2D4EC4B99861}.Release|Any CPU.Build.0 = Release|Any CPU
		{303ED298-378D-4153-8C68-6946B67D4D22}.Debug|Any CPU.ActiveCfg = Debug|Any CPU
		{303ED298-378D-4153-8C68-6946B67D4D22}.Debug|Any CPU.Build.0 = Debug|Any CPU
		{303ED298-378D-4153-8C68-6946B67D4D22}.Release|Any CPU.ActiveCfg = Release|Any CPU
		{303ED298-378D-4153-8C68-6946B67D4D22}.Release|Any CPU.Build.0 = Release|Any CPU
		{E07B4D9F-FB4B-46BD-829D-325EBB2AF11E}.Debug|Any CPU.ActiveCfg = Debug|Any CPU
		{E07B4D9F-FB4B-46BD-829D-325EBB2AF11E}.Debug|Any CPU.Build.0 = Debug|Any CPU
		{E07B4D9F-FB4B-46BD-829D-325EBB2AF11E}.Release|Any CPU.ActiveCfg = Release|Any CPU
		{E07B4D9F-FB4B-46BD-829D-325EBB2AF11E}.Release|Any CPU.Build.0 = Release|Any CPU
	EndGlobalSection
	GlobalSection(SolutionProperties) = preSolution
		HideSolutionNode = FALSE
	EndGlobalSection
	GlobalSection(ExtensibilityGlobals) = postSolution
		SolutionGuid = {AD69399D-3FC4-4862-8C3E-E8174331CF6B}
	EndGlobalSection
EndGlobal
